# This file is autogenerated, do not edit; changes may be undone by the next 'dep ensure'.


[[projects]]
  name = "gopkg.in/robfig/cron.v1"
  packages = ["."]
  revision = "b41be1df696709bb6395fe435af20370037c0b4c"
  version = "v1.1"

[solve-meta]
  analyzer-name = "dep"
  analyzer-version = 1
  inputs-digest = "8342b4cc66fefaa6db8cdb91bf4af5e6d7e3417fa250bf5ec303f331c5001674"
  solver-name = "gps-cdcl"
  solver-version = 1
